
Microsoft Visual Studio Solution File, Format Version 12.00
# Visual Studio Version 16
VisualStudioVersion = 16.0.29418.71
MinimumVisualStudioVersion = 10.0.40219.1
Project("{8BC9CEB8-8B4A-11D0-8D11-00A0C91BC942}") = "PP_cw1_zadanie1", "PP_cw1_zadanie1\PP_cw1_zadanie1.vcxproj", "{9EFB4B26-1751-4CC8-932F-1B8400AD60CE}"
EndProject
Global
	GlobalSection(SolutionConfigurationPlatforms) = preSolution
		Debug|x64 = Debug|x64
		Debug|x86 = Debug|x86
		Release|x64 = Release|x64
		Release|x86 = Release|x86
	EndGlobalSection
	GlobalSection(ProjectConfigurationPlatforms) = postSolution
		{9EFB4B26-1751-4CC8-932F-1B8400AD60CE}.Debug|x64.ActiveCfg = Debug|x64
		{9EFB4B26-1751-4CC8-932F-1B8400AD60CE}.Debug|x64.Build.0 = Debug|x64
		{9EFB4B26-1751-4CC8-932F-1B8400AD60CE}.Debug|x86.ActiveCfg = Debug|Win32
		{9EFB4B26-1751-4CC8-932F-1B8400AD60CE}.Debug|x86.Build.0 = Debug|Win32
		{9EFB4B26-1751-4CC8-932F-1B8400AD60CE}.Release|x64.ActiveCfg = Release|x64
		{9EFB4B26-1751-4CC8-932F-1B8400AD60CE}.Release|x64.Build.0 = Release|x64
		{9EFB4B26-1751-4CC8-932F-1B8400AD60CE}.Release|x86.ActiveCfg = Release|Win32
		{9EFB4B26-1751-4CC8-932F-1B8400AD60CE}.Release|x86.Build.0 = Release|Win32
	EndGlobalSection
	GlobalSection(SolutionProperties) = preSolution
		HideSolutionNode = FALSE
	EndGlobalSection
	GlobalSection(ExtensibilityGlobals) = postSolution
		SolutionGuid = {84824D0B-B824-4E71-A38E-DEF43D482C78}
	EndGlobalSection
EndGlobal
